
Microsoft Visual Studio Solution File, Format Version 12.00
# Visual Studio 15
VisualStudioVersion = 15.0.27703.2000
MinimumVisualStudioVersion = 10.0.40219.1
Project("{D954291E-2A0B-460D-934E-DC6B0785DB48}") = "HiUnoApp.Shared", "HiUnoApp\HiUnoApp.Shared\HiUnoApp.Shared.shproj", "{6279C845-92F8-4333-AB99-3D213163593C}"
EndProject
Project("{FAE04EC0-301F-11D3-BF4B-00C04F79EFBC}") = "HiUnoApp.Droid", "HiUnoApp\HiUnoApp.Droid\HiUnoApp.Droid.csproj", "{199D0729-D0E5-4F1C-9A78-F88B94997E8A}"
EndProject
Project("{FAE04EC0-301F-11D3-BF4B-00C04F79EFBC}") = "HiUnoApp.iOS", "HiUnoApp\HiUnoApp.iOS\HiUnoApp.iOS.csproj", "{05F69C0C-AB41-4C1E-A907-1CFEC4540607}"
EndProject
Project("{FAE04EC0-301F-11D3-BF4B-00C04F79EFBC}") = "HiUnoApp.UWP", "HiUnoApp\HiUnoApp.UWP\HiUnoApp.UWP.csproj", "{0A497BE7-4EB6-4ABB-9437-6AB9520673EA}"
EndProject
Project("{9A19103F-16F7-4668-BE54-9A1E7A4F7556}") = "HiUnoApp.Wasm", "HiUnoApp\HiUnoApp.Wasm\HiUnoApp.Wasm.csproj", "{30D7B9CD-7B78-4175-B682-71711D986653}"
EndProject
Global
	GlobalSection(SharedMSBuildProjectFiles) = preSolution
		HiUnoApp\HiUnoApp.Shared\HiUnoApp.Shared.projitems*{05f69c0c-ab41-4c1e-a907-1cfec4540607}*SharedItemsImports = 4
		HiUnoApp\HiUnoApp.Shared\HiUnoApp.Shared.projitems*{0a497be7-4eb6-4abb-9437-6ab9520673ea}*SharedItemsImports = 4
		HiUnoApp\HiUnoApp.Shared\HiUnoApp.Shared.projitems*{199d0729-d0e5-4f1c-9a78-f88b94997e8a}*SharedItemsImports = 4
		HiUnoApp\HiUnoApp.Shared\HiUnoApp.Shared.projitems*{6279c845-92f8-4333-ab99-3d213163593c}*SharedItemsImports = 13
	EndGlobalSection
	GlobalSection(SolutionConfigurationPlatforms) = preSolution
		Ad-Hoc|Any CPU = Ad-Hoc|Any CPU
		Ad-Hoc|ARM = Ad-Hoc|ARM
		Ad-Hoc|iPhone = Ad-Hoc|iPhone
		Ad-Hoc|iPhoneSimulator = Ad-Hoc|iPhoneSimulator
		Ad-Hoc|x64 = Ad-Hoc|x64
		Ad-Hoc|x86 = Ad-Hoc|x86
		AppStore|Any CPU = AppStore|Any CPU
		AppStore|ARM = AppStore|ARM
		AppStore|iPhone = AppStore|iPhone
		AppStore|iPhoneSimulator = AppStore|iPhoneSimulator
		AppStore|x64 = AppStore|x64
		AppStore|x86 = AppStore|x86
		Debug|Any CPU = Debug|Any CPU
		Debug|ARM = Debug|ARM
		Debug|iPhone = Debug|iPhone
		Debug|iPhoneSimulator = Debug|iPhoneSimulator
		Debug|x64 = Debug|x64
		Debug|x86 = Debug|x86
		Release|Any CPU = Release|Any CPU
		Release|ARM = Release|ARM
		Release|iPhone = Release|iPhone
		Release|iPhoneSimulator = Release|iPhoneSimulator
		Release|x64 = Release|x64
		Release|x86 = Release|x86
	EndGlobalSection
	GlobalSection(ProjectConfigurationPlatforms) = postSolution
		{199D0729-D0E5-4F1C-9A78-F88B94997E8A}.Ad-Hoc|Any CPU.ActiveCfg = Release|Any CPU
		{199D0729-D0E5-4F1C-9A78-F88B94997E8A}.Ad-Hoc|Any CPU.Build.0 = Release|Any CPU
		{199D0729-D0E5-4F1C-9A78-F88B94997E8A}.Ad-Hoc|Any CPU.Deploy.0 = Release|Any CPU
		{199D0729-D0E5-4F1C-9A78-F88B94997E8A}.Ad-Hoc|ARM.ActiveCfg = Release|Any CPU
		{199D0729-D0E5-4F1C-9A78-F88B94997E8A}.Ad-Hoc|ARM.Build.0 = Release|Any CPU
		{199D0729-D0E5-4F1C-9A78-F88B94997E8A}.Ad-Hoc|ARM.Deploy.0 = Release|Any CPU
		{199D0729-D0E5-4F1C-9A78-F88B94997E8A}.Ad-Hoc|iPhone.ActiveCfg = Release|Any CPU
		{199D0729-D0E5-4F1C-9A78-F88B94997E8A}.Ad-Hoc|iPhone.Build.0 = Release|Any CPU
		{199D0729-D0E5-4F1C-9A78-F88B94997E8A}.Ad-Hoc|iPhone.Deploy.0 = Release|Any CPU
		{199D0729-D0E5-4F1C-9A78-F88B94997E8A}.Ad-Hoc|iPhoneSimulator.ActiveCfg = Release|Any CPU
		{199D0729-D0E5-4F1C-9A78-F88B94997E8A}.Ad-Hoc|iPhoneSimulator.Build.0 = Release|Any CPU
		{199D0729-D0E5-4F1C-9A78-F88B94997E8A}.Ad-Hoc|iPhoneSimulator.Deploy.0 = Release|Any CPU
		{199D0729-D0E5-4F1C-9A78-F88B94997E8A}.Ad-Hoc|x64.ActiveCfg = Release|Any CPU
		{199D0729-D0E5-4F1C-9A78-F88B94997E8A}.Ad-Hoc|x64.Build.0 = Release|Any CPU
		{199D0729-D0E5-4F1C-9A78-F88B94997E8A}.Ad-Hoc|x64.Deploy.0 = Release|Any CPU
		{199D0729-D0E5-4F1C-9A78-F88B94997E8A}.Ad-Hoc|x86.ActiveCfg = Release|Any CPU
		{199D0729-D0E5-4F1C-9A78-F88B94997E8A}.Ad-Hoc|x86.Build.0 = Release|Any CPU
		{199D0729-D0E5-4F1C-9A78-F88B94997E8A}.Ad-Hoc|x86.Deploy.0 = Release|Any CPU
		{199D0729-D0E5-4F1C-9A78-F88B94997E8A}.AppStore|Any CPU.ActiveCfg = Release|Any CPU
		{199D0729-D0E5-4F1C-9A78-F88B94997E8A}.AppStore|Any CPU.Build.0 = Release|Any CPU
		{199D0729-D0E5-4F1C-9A78-F88B94997E8A}.AppStore|Any CPU.Deploy.0 = Release|Any CPU
		{199D0729-D0E5-4F1C-9A78-F88B94997E8A}.AppStore|ARM.ActiveCfg = Release|Any CPU
		{199D0729-D0E5-4F1C-9A78-F88B94997E8A}.AppStore|ARM.Build.0 = Release|Any CPU
		{199D0729-D0E5-4F1C-9A78-F88B94997E8A}.AppStore|ARM.Deploy.0 = Release|Any CPU
		{199D0729-D0E5-4F1C-9A78-F88B94997E8A}.AppStore|iPhone.ActiveCfg = Release|Any CPU
		{199D0729-D0E5-4F1C-9A78-F88B94997E8A}.AppStore|iPhone.Build.0 = Release|Any CPU
		{199D0729-D0E5-4F1C-9A78-F88B94997E8A}.AppStore|iPhone.Deploy.0 = Release|Any CPU
		{199D0729-D0E5-4F1C-9A78-F88B94997E8A}.AppStore|iPhoneSimulator.ActiveCfg = Release|Any CPU
		{199D0729-D0E5-4F1C-9A78-F88B94997E8A}.AppStore|iPhoneSimulator.Build.0 = Release|Any CPU
		{199D0729-D0E5-4F1C-9A78-F88B94997E8A}.AppStore|iPhoneSimulator.Deploy.0 = Release|Any CPU
		{199D0729-D0E5-4F1C-9A78-F88B94997E8A}.AppStore|x64.ActiveCfg = Release|Any CPU
		{199D0729-D0E5-4F1C-9A78-F88B94997E8A}.AppStore|x64.Build.0 = Release|Any CPU
		{199D0729-D0E5-4F1C-9A78-F88B94997E8A}.AppStore|x64.Deploy.0 = Release|Any CPU
		{199D0729-D0E5-4F1C-9A78-F88B94997E8A}.AppStore|x86.ActiveCfg = Release|Any CPU
		{199D0729-D0E5-4F1C-9A78-F88B94997E8A}.AppStore|x86.Build.0 = Release|Any CPU
		{199D0729-D0E5-4F1C-9A78-F88B94997E8A}.AppStore|x86.Deploy.0 = Release|Any CPU
		{199D0729-D0E5-4F1C-9A78-F88B94997E8A}.Debug|Any CPU.ActiveCfg = Debug|Any CPU
		{199D0729-D0E5-4F1C-9A78-F88B94997E8A}.Debug|Any CPU.Build.0 = Debug|Any CPU
		{199D0729-D0E5-4F1C-9A78-F88B94997E8A}.Debug|Any CPU.Deploy.0 = Debug|Any CPU
		{199D0729-D0E5-4F1C-9A78-F88B94997E8A}.Debug|ARM.ActiveCfg = Debug|Any CPU
		{199D0729-D0E5-4F1C-9A78-F88B94997E8A}.Debug|ARM.Build.0 = Debug|Any CPU
		{199D0729-D0E5-4F1C-9A78-F88B94997E8A}.Debug|ARM.Deploy.0 = Debug|Any CPU
		{199D0729-D0E5-4F1C-9A78-F88B94997E8A}.Debug|iPhone.ActiveCfg = Debug|Any CPU
		{199D0729-D0E5-4F1C-9A78-F88B94997E8A}.Debug|iPhone.Build.0 = Debug|Any CPU
		{199D0729-D0E5-4F1C-9A78-F88B94997E8A}.Debug|iPhone.Deploy.0 = Debug|Any CPU
		{199D0729-D0E5-4F1C-9A78-F88B94997E8A}.Debug|iPhoneSimulator.ActiveCfg = Debug|Any CPU
		{199D0729-D0E5-4F1C-9A78-F88B94997E8A}.Debug|iPhoneSimulator.Build.0 = Debug|Any CPU
		{199D0729-D0E5-4F1C-9A78-F88B94997E8A}.Debug|iPhoneSimulator.Deploy.0 = Debug|Any CPU
		{199D0729-D0E5-4F1C-9A78-F88B94997E8A}.Debug|x64.ActiveCfg = Debug|Any CPU
		{199D0729-D0E5-4F1C-9A78-F88B94997E8A}.Debug|x64.Build.0 = Debug|Any CPU
		{199D0729-D0E5-4F1C-9A78-F88B94997E8A}.Debug|x64.Deploy.0 = Debug|Any CPU
		{199D0729-D0E5-4F1C-9A78-F88B94997E8A}.Debug|x86.ActiveCfg = Debug|Any CPU
		{199D0729-D0E5-4F1C-9A78-F88B94997E8A}.Debug|x86.Build.0 = Debug|Any CPU
		{199D0729-D0E5-4F1C-9A78-F88B94997E8A}.Debug|x86.Deploy.0 = Debug|Any CPU
		{199D0729-D0E5-4F1C-9A78-F88B94997E8A}.Release|Any CPU.ActiveCfg = Release|Any CPU
		{199D0729-D0E5-4F1C-9A78-F88B94997E8A}.Release|Any CPU.Build.0 = Release|Any CPU
		{199D0729-D0E5-4F1C-9A78-F88B94997E8A}.Release|Any CPU.Deploy.0 = Release|Any CPU
		{199D0729-D0E5-4F1C-9A78-F88B94997E8A}.Release|ARM.ActiveCfg = Release|Any CPU
		{199D0729-D0E5-4F1C-9A78-F88B94997E8A}.Release|ARM.Build.0 = Release|Any CPU
		{199D0729-D0E5-4F1C-9A78-F88B94997E8A}.Release|ARM.Deploy.0 = Release|Any CPU
		{199D0729-D0E5-4F1C-9A78-F88B94997E8A}.Release|iPhone.ActiveCfg = Release|Any CPU
		{199D0729-D0E5-4F1C-9A78-F88B94997E8A}.Release|iPhone.Build.0 = Release|Any CPU
		{199D0729-D0E5-4F1C-9A78-F88B94997E8A}.Release|iPhone.Deploy.0 = Release|Any CPU
		{199D0729-D0E5-4F1C-9A78-F88B94997E8A}.Release|iPhoneSimulator.ActiveCfg = Release|Any CPU
		{199D0729-D0E5-4F1C-9A78-F88B94997E8A}.Release|iPhoneSimulator.Build.0 = Release|Any CPU
		{199D0729-D0E5-4F1C-9A78-F88B94997E8A}.Release|iPhoneSimulator.Deploy.0 = Release|Any CPU
		{199D0729-D0E5-4F1C-9A78-F88B94997E8A}.Release|x64.ActiveCfg = Release|Any CPU
		{199D0729-D0E5-4F1C-9A78-F88B94997E8A}.Release|x64.Build.0 = Release|Any CPU
		{199D0729-D0E5-4F1C-9A78-F88B94997E8A}.Release|x64.Deploy.0 = Release|Any CPU
		{199D0729-D0E5-4F1C-9A78-F88B94997E8A}.Release|x86.ActiveCfg = Release|Any CPU
		{199D0729-D0E5-4F1C-9A78-F88B94997E8A}.Release|x86.Build.0 = Release|Any CPU
		{199D0729-D0E5-4F1C-9A78-F88B94997E8A}.Release|x86.Deploy.0 = Release|Any CPU
		{05F69C0C-AB41-4C1E-A907-1CFEC4540607}.Ad-Hoc|Any CPU.ActiveCfg = Ad-Hoc|iPhone
		{05F69C0C-AB41-4C1E-A907-1CFEC4540607}.Ad-Hoc|ARM.ActiveCfg = Ad-Hoc|iPhone
		{05F69C0C-AB41-4C1E-A907-1CFEC4540607}.Ad-Hoc|iPhone.ActiveCfg = Ad-Hoc|iPhone
		{05F69C0C-AB41-4C1E-A907-1CFEC4540607}.Ad-Hoc|iPhone.Build.0 = Ad-Hoc|iPhone
		{05F69C0C-AB41-4C1E-A907-1CFEC4540607}.Ad-Hoc|iPhoneSimulator.ActiveCfg = Ad-Hoc|iPhoneSimulator
		{05F69C0C-AB41-4C1E-A907-1CFEC4540607}.Ad-Hoc|iPhoneSimulator.Build.0 = Ad-Hoc|iPhoneSimulator
		{05F69C0C-AB41-4C1E-A907-1CFEC4540607}.Ad-Hoc|x64.ActiveCfg = Ad-Hoc|iPhone
		{05F69C0C-AB41-4C1E-A907-1CFEC4540607}.Ad-Hoc|x86.ActiveCfg = Ad-Hoc|iPhone
		{05F69C0C-AB41-4C1E-A907-1CFEC4540607}.AppStore|Any CPU.ActiveCfg = AppStore|iPhone
		{05F69C0C-AB41-4C1E-A907-1CFEC4540607}.AppStore|ARM.ActiveCfg = AppStore|iPhone
		{05F69C0C-AB41-4C1E-A907-1CFEC4540607}.AppStore|iPhone.ActiveCfg = AppStore|iPhone
		{05F69C0C-AB41-4C1E-A907-1CFEC4540607}.AppStore|iPhone.Build.0 = AppStore|iPhone
		{05F69C0C-AB41-4C1E-A907-1CFEC4540607}.AppStore|iPhoneSimulator.ActiveCfg = AppStore|iPhoneSimulator
		{05F69C0C-AB41-4C1E-A907-1CFEC4540607}.AppStore|iPhoneSimulator.Build.0 = AppStore|iPhoneSimulator
		{05F69C0C-AB41-4C1E-A907-1CFEC4540607}.AppStore|x64.ActiveCfg = AppStore|iPhone
		{05F69C0C-AB41-4C1E-A907-1CFEC4540607}.AppStore|x86.ActiveCfg = AppStore|iPhone
		{05F69C0C-AB41-4C1E-A907-1CFEC4540607}.Debug|Any CPU.ActiveCfg = Debug|iPhone
		{05F69C0C-AB41-4C1E-A907-1CFEC4540607}.Debug|ARM.ActiveCfg = Debug|iPhone
		{05F69C0C-AB41-4C1E-A907-1CFEC4540607}.Debug|iPhone.ActiveCfg = Debug|iPhone
		{05F69C0C-AB41-4C1E-A907-1CFEC4540607}.Debug|iPhone.Build.0 = Debug|iPhone
		{05F69C0C-AB41-4C1E-A907-1CFEC4540607}.Debug|iPhoneSimulator.ActiveCfg = Debug|iPhoneSimulator
		{05F69C0C-AB41-4C1E-A907-1CFEC4540607}.Debug|iPhoneSimulator.Build.0 = Debug|iPhoneSimulator
		{05F69C0C-AB41-4C1E-A907-1CFEC4540607}.Debug|x64.ActiveCfg = Debug|iPhone
		{05F69C0C-AB41-4C1E-A907-1CFEC4540607}.Debug|x86.ActiveCfg = Debug|iPhone
		{05F69C0C-AB41-4C1E-A907-1CFEC4540607}.Release|Any CPU.ActiveCfg = Release|iPhone
		{05F69C0C-AB41-4C1E-A907-1CFEC4540607}.Release|ARM.ActiveCfg = Release|iPhone
		{05F69C0C-AB41-4C1E-A907-1CFEC4540607}.Release|iPhone.ActiveCfg = Release|iPhone
		{05F69C0C-AB41-4C1E-A907-1CFEC4540607}.Release|iPhone.Build.0 = Release|iPhone
		{05F69C0C-AB41-4C1E-A907-1CFEC4540607}.Release|iPhoneSimulator.ActiveCfg = Release|iPhoneSimulator
		{05F69C0C-AB41-4C1E-A907-1CFEC4540607}.Release|iPhoneSimulator.Build.0 = Release|iPhoneSimulator
		{05F69C0C-AB41-4C1E-A907-1CFEC4540607}.Release|x64.ActiveCfg = Release|iPhone
		{05F69C0C-AB41-4C1E-A907-1CFEC4540607}.Release|x86.ActiveCfg = Release|iPhone
		{0A497BE7-4EB6-4ABB-9437-6AB9520673EA}.Ad-Hoc|Any CPU.ActiveCfg = Release|x64
		{0A497BE7-4EB6-4ABB-9437-6AB9520673EA}.Ad-Hoc|Any CPU.Build.0 = Release|x64
		{0A497BE7-4EB6-4ABB-9437-6AB9520673EA}.Ad-Hoc|Any CPU.Deploy.0 = Release|x64
		{0A497BE7-4EB6-4ABB-9437-6AB9520673EA}.Ad-Hoc|ARM.ActiveCfg = Release|ARM
		{0A497BE7-4EB6-4ABB-9437-6AB9520673EA}.Ad-Hoc|ARM.Build.0 = Release|ARM
		{0A497BE7-4EB6-4ABB-9437-6AB9520673EA}.Ad-Hoc|ARM.Deploy.0 = Release|ARM
		{0A497BE7-4EB6-4ABB-9437-6AB9520673EA}.Ad-Hoc|iPhone.ActiveCfg = Release|x64
		{0A497BE7-4EB6-4ABB-9437-6AB9520673EA}.Ad-Hoc|iPhone.Build.0 = Release|x64
		{0A497BE7-4EB6-4ABB-9437-6AB9520673EA}.Ad-Hoc|iPhone.Deploy.0 = Release|x64
		{0A497BE7-4EB6-4ABB-9437-6AB9520673EA}.Ad-Hoc|iPhoneSimulator.ActiveCfg = Release|x64
		{0A497BE7-4EB6-4ABB-9437-6AB9520673EA}.Ad-Hoc|iPhoneSimulator.Build.0 = Release|x64
		{0A497BE7-4EB6-4ABB-9437-6AB9520673EA}.Ad-Hoc|iPhoneSimulator.Deploy.0 = Release|x64
		{0A497BE7-4EB6-4ABB-9437-6AB9520673EA}.Ad-Hoc|x64.ActiveCfg = Release|x64
		{0A497BE7-4EB6-4ABB-9437-6AB9520673EA}.Ad-Hoc|x64.Build.0 = Release|x64
		{0A497BE7-4EB6-4ABB-9437-6AB9520673EA}.Ad-Hoc|x64.Deploy.0 = Release|x64
		{0A497BE7-4EB6-4ABB-9437-6AB9520673EA}.Ad-Hoc|x86.ActiveCfg = Release|x86
		{0A497BE7-4EB6-4ABB-9437-6AB9520673EA}.Ad-Hoc|x86.Build.0 = Release|x86
		{0A497BE7-4EB6-4ABB-9437-6AB9520673EA}.Ad-Hoc|x86.Deploy.0 = Release|x86
		{0A497BE7-4EB6-4ABB-9437-6AB9520673EA}.AppStore|Any CPU.ActiveCfg = Release|x64
		{0A497BE7-4EB6-4ABB-9437-6AB9520673EA}.AppStore|Any CPU.Build.0 = Release|x64
		{0A497BE7-4EB6-4ABB-9437-6AB9520673EA}.AppStore|Any CPU.Deploy.0 = Release|x64
		{0A497BE7-4EB6-4ABB-9437-6AB9520673EA}.AppStore|ARM.ActiveCfg = Release|ARM
		{0A497BE7-4EB6-4ABB-9437-6AB9520673EA}.AppStore|ARM.Build.0 = Release|ARM
		{0A497BE7-4EB6-4ABB-9437-6AB9520673EA}.AppStore|ARM.Deploy.0 = Release|ARM
		{0A497BE7-4EB6-4ABB-9437-6AB9520673EA}.AppStore|iPhone.ActiveCfg = Release|x64
		{0A497BE7-4EB6-4ABB-9437-6AB9520673EA}.AppStore|iPhone.Build.0 = Release|x64
		{0A497BE7-4EB6-4ABB-9437-6AB9520673EA}.AppStore|iPhone.Deploy.0 = Release|x64
		{0A497BE7-4EB6-4ABB-9437-6AB9520673EA}.AppStore|iPhoneSimulator.ActiveCfg = Release|x64
		{0A497BE7-4EB6-4ABB-9437-6AB9520673EA}.AppStore|iPhoneSimulator.Build.0 = Release|x64
		{0A497BE7-4EB6-4ABB-9437-6AB9520673EA}.AppStore|iPhoneSimulator.Deploy.0 = Release|x64
		{0A497BE7-4EB6-4ABB-9437-6AB9520673EA}.AppStore|x64.ActiveCfg = Release|x64
		{0A497BE7-4EB6-4ABB-9437-6AB9520673EA}.AppStore|x64.Build.0 = Release|x64
		{0A497BE7-4EB6-4ABB-9437-6AB9520673EA}.AppStore|x64.Deploy.0 = Release|x64
		{0A497BE7-4EB6-4ABB-9437-6AB9520673EA}.AppStore|x86.ActiveCfg = Release|x86
		{0A497BE7-4EB6-4ABB-9437-6AB9520673EA}.AppStore|x86.Build.0 = Release|x86
		{0A497BE7-4EB6-4ABB-9437-6AB9520673EA}.AppStore|x86.Deploy.0 = Release|x86
		{0A497BE7-4EB6-4ABB-9437-6AB9520673EA}.Debug|Any CPU.ActiveCfg = Debug|x86
		{0A497BE7-4EB6-4ABB-9437-6AB9520673EA}.Debug|ARM.ActiveCfg = Debug|ARM
		{0A497BE7-4EB6-4ABB-9437-6AB9520673EA}.Debug|ARM.Build.0 = Debug|ARM
		{0A497BE7-4EB6-4ABB-9437-6AB9520673EA}.Debug|ARM.Deploy.0 = Debug|ARM
		{0A497BE7-4EB6-4ABB-9437-6AB9520673EA}.Debug|iPhone.ActiveCfg = Debug|x86
		{0A497BE7-4EB6-4ABB-9437-6AB9520673EA}.Debug|iPhoneSimulator.ActiveCfg = Debug|x86
		{0A497BE7-4EB6-4ABB-9437-6AB9520673EA}.Debug|x64.ActiveCfg = Debug|x64
		{0A497BE7-4EB6-4ABB-9437-6AB9520673EA}.Debug|x64.Build.0 = Debug|x64
		{0A497BE7-4EB6-4ABB-9437-6AB9520673EA}.Debug|x64.Deploy.0 = Debug|x64
		{0A497BE7-4EB6-4ABB-9437-6AB9520673EA}.Debug|x86.ActiveCfg = Debug|x86
		{0A497BE7-4EB6-4ABB-9437-6AB9520673EA}.Debug|x86.Build.0 = Debug|x86
		{0A497BE7-4EB6-4ABB-9437-6AB9520673EA}.Debug|x86.Deploy.0 = Debug|x86
		{0A497BE7-4EB6-4ABB-9437-6AB9520673EA}.Release|Any CPU.ActiveCfg = Release|x86
		{0A497BE7-4EB6-4ABB-9437-6AB9520673EA}.Release|ARM.ActiveCfg = Release|ARM
		{0A497BE7-4EB6-4ABB-9437-6AB9520673EA}.Release|ARM.Build.0 = Release|ARM
		{0A497BE7-4EB6-4ABB-9437-6AB9520673EA}.Release|ARM.Deploy.0 = Release|ARM
		{0A497BE7-4EB6-4ABB-9437-6AB9520673EA}.Release|iPhone.ActiveCfg = Release|x86
		{0A497BE7-4EB6-4ABB-9437-6AB9520673EA}.Release|iPhoneSimulator.ActiveCfg = Release|x86
		{0A497BE7-4EB6-4ABB-9437-6AB9520673EA}.Release|x64.ActiveCfg = Release|x64
		{0A497BE7-4EB6-4ABB-9437-6AB9520673EA}.Release|x64.Build.0 = Release|x64
		{0A497BE7-4EB6-4ABB-9437-6AB9520673EA}.Release|x64.Deploy.0 = Release|x64
		{0A497BE7-4EB6-4ABB-9437-6AB9520673EA}.Release|x86.ActiveCfg = Release|x86
		{0A497BE7-4EB6-4ABB-9437-6AB9520673EA}.Release|x86.Build.0 = Release|x86
		{0A497BE7-4EB6-4ABB-9437-6AB9520673EA}.Release|x86.Deploy.0 = Release|x86
		{30D7B9CD-7B78-4175-B682-71711D986653}.Ad-Hoc|Any CPU.ActiveCfg = Debug|Any CPU
		{30D7B9CD-7B78-4175-B682-71711D986653}.Ad-Hoc|Any CPU.Build.0 = Debug|Any CPU
		{30D7B9CD-7B78-4175-B682-71711D986653}.Ad-Hoc|ARM.ActiveCfg = Debug|Any CPU
		{30D7B9CD-7B78-4175-B682-71711D986653}.Ad-Hoc|ARM.Build.0 = Debug|Any CPU
		{30D7B9CD-7B78-4175-B682-71711D986653}.Ad-Hoc|iPhone.ActiveCfg = Debug|Any CPU
		{30D7B9CD-7B78-4175-B682-71711D986653}.Ad-Hoc|iPhone.Build.0 = Debug|Any CPU
		{30D7B9CD-7B78-4175-B682-71711D986653}.Ad-Hoc|iPhoneSimulator.ActiveCfg = Debug|Any CPU
		{30D7B9CD-7B78-4175-B682-71711D986653}.Ad-Hoc|iPhoneSimulator.Build.0 = Debug|Any CPU
		{30D7B9CD-7B78-4175-B682-71711D986653}.Ad-Hoc|x64.ActiveCfg = Debug|Any CPU
		{30D7B9CD-7B78-4175-B682-71711D986653}.Ad-Hoc|x64.Build.0 = Debug|Any CPU
		{30D7B9CD-7B78-4175-B682-71711D986653}.Ad-Hoc|x86.ActiveCfg = Debug|Any CPU
		{30D7B9CD-7B78-4175-B682-71711D986653}.Ad-Hoc|x86.Build.0 = Debug|Any CPU
		{30D7B9CD-7B78-4175-B682-71711D986653}.AppStore|Any CPU.ActiveCfg = Debug|Any CPU
		{30D7B9CD-7B78-4175-B682-71711D986653}.AppStore|Any CPU.Build.0 = Debug|Any CPU
		{30D7B9CD-7B78-4175-B682-71711D986653}.AppStore|ARM.ActiveCfg = Debug|Any CPU
		{30D7B9CD-7B78-4175-B682-71711D986653}.AppStore|ARM.Build.0 = Debug|Any CPU
		{30D7B9CD-7B78-4175-B682-71711D986653}.AppStore|iPhone.ActiveCfg = Debug|Any CPU
		{30D7B9CD-7B78-4175-B682-71711D986653}.AppStore|iPhone.Build.0 = Debug|Any CPU
		{30D7B9CD-7B78-4175-B682-71711D986653}.AppStore|iPhoneSimulator.ActiveCfg = Debug|Any CPU
		{30D7B9CD-7B78-4175-B682-71711D986653}.AppStore|iPhoneSimulator.Build.0 = Debug|Any CPU
		{30D7B9CD-7B78-4175-B682-71711D986653}.AppStore|x64.ActiveCfg = Debug|Any CPU
		{30D7B9CD-7B78-4175-B682-71711D986653}.AppStore|x64.Build.0 = Debug|Any CPU
		{30D7B9CD-7B78-4175-B682-71711D986653}.AppStore|x86.ActiveCfg = Debug|Any CPU
		{30D7B9CD-7B78-4175-B682-71711D986653}.AppStore|x86.Build.0 = Debug|Any CPU
		{30D7B9CD-7B78-4175-B682-71711D986653}.Debug|Any CPU.ActiveCfg = Debug|Any CPU
		{30D7B9CD-7B78-4175-B682-71711D986653}.Debug|Any CPU.Build.0 = Debug|Any CPU
		{30D7B9CD-7B78-4175-B682-71711D986653}.Debug|ARM.ActiveCfg = Debug|Any CPU
		{30D7B9CD-7B78-4175-B682-71711D986653}.Debug|ARM.Build.0 = Debug|Any CPU
		{30D7B9CD-7B78-4175-B682-71711D986653}.Debug|iPhone.ActiveCfg = Debug|Any CPU
		{30D7B9CD-7B78-4175-B682-71711D986653}.Debug|iPhone.Build.0 = Debug|Any CPU
		{30D7B9CD-7B78-4175-B682-71711D986653}.Debug|iPhoneSimulator.ActiveCfg = Debug|Any CPU
		{30D7B9CD-7B78-4175-B682-71711D986653}.Debug|iPhoneSimulator.Build.0 = Debug|Any CPU
		{30D7B9CD-7B78-4175-B682-71711D986653}.Debug|x64.ActiveCfg = Debug|Any CPU
		{30D7B9CD-7B78-4175-B682-71711D986653}.Debug|x64.Build.0 = Debug|Any CPU
		{30D7B9CD-7B78-4175-B682-71711D986653}.Debug|x86.ActiveCfg = Debug|Any CPU
		{30D7B9CD-7B78-4175-B682-71711D986653}.Debug|x86.Build.0 = Debug|Any CPU
		{30D7B9CD-7B78-4175-B682-71711D986653}.Release|Any CPU.ActiveCfg = Release|Any CPU
		{30D7B9CD-7B78-4175-B682-71711D986653}.Release|Any CPU.Build.0 = Release|Any CPU
		{30D7B9CD-7B78-4175-B682-71711D986653}.Release|ARM.ActiveCfg = Release|Any CPU
		{30D7B9CD-7B78-4175-B682-71711D986653}.Release|ARM.Build.0 = Release|Any CPU
		{30D7B9CD-7B78-4175-B682-71711D986653}.Release|iPhone.ActiveCfg = Release|Any CPU
		{30D7B9CD-7B78-4175-B682-71711D986653}.Release|iPhone.Build.0 = Release|Any CPU
		{30D7B9CD-7B78-4175-B682-71711D986653}.Release|iPhoneSimulator.ActiveCfg = Release|Any CPU
		{30D7B9CD-7B78-4175-B682-71711D986653}.Release|iPhoneSimulator.Build.0 = Release|Any CPU
		{30D7B9CD-7B78-4175-B682-71711D986653}.Release|x64.ActiveCfg = Release|Any CPU
		{30D7B9CD-7B78-4175-B682-71711D986653}.Release|x64.Build.0 = Release|Any CPU
		{30D7B9CD-7B78-4175-B682-71711D986653}.Release|x86.ActiveCfg = Release|Any CPU
		{30D7B9CD-7B78-4175-B682-71711D986653}.Release|x86.Build.0 = Release|Any CPU
	EndGlobalSection
	GlobalSection(SolutionProperties) = preSolution
		HideSolutionNode = FALSE
	EndGlobalSection
	GlobalSection(ExtensibilityGlobals) = postSolution
		SolutionGuid = {0314BFEA-1CF6-4F83-9955-6C0B812555CA}
	EndGlobalSection
EndGlobal
